version = 1
revision = 3
requires-python = ">=3.12, <3.14"

[[package]]
name = "altgraph"
version = "0.17.5"
source = { registry = "https://pypi.org/simple" }
sdist = { url = "https://files.pythonhosted.org/packages/7e/f8/97fdf103f38fed6792a1601dbc16cc8aac56e7459a9fff08c812d8ae177a/altgraph-0.17.5.tar.gz", hash = "sha256:c87b395dd12fabde9c99573a9749d67da8d29ef9de0125c7f536699b4a9bc9e7", size = 48428, upload-time = "2025-11-21T20:35:50.583Z" }
wheels = [
    { url = "https://files.pythonhosted.org/packages/a9/ba/000a1996d4308bc65120167c21241a3b205464a2e0b58deda26ae8ac21d1/altgraph-0.17.5-py2.py3-none-any.whl", hash = "sha256:f3a22400bce1b0c701683820ac4f3b159cd301acab067c51c653e06961600597", size = 21228, upload-time = "2025-11-21T20:35:49.444Z" },
]

[[package]]
name = "colorama"
version = "0.4.6"
source = { registry = "https://pypi.org/simple" }
sdist = { url = "https://files.pythonhosted.org/packages/d8/53/6f443c9a4a8358a93a6792e2acffb9d9d5cb0a5cfd8802644b7b1c9a02e4/colorama-0.4.6.tar.gz", hash = "sha256:08695f5cb7ed6e0531a20572697297273c47b8cae5a63ffc6d6ed5c201be6e44", size = 27697, upload-time = "2022-10-25T02:36:22.414Z" }
wheels = [
    { url = "https://files.pythonhosted.org/packages/d1/d6/3965ed04c63042e047cb6a3e6ed1a63a35087b6a609aa3a15ed8ac56c221/colorama-0.4.6-py2.py3-none-any.whl", hash = "sha256:4f1d9991f5acc0ca119f9d443620b77f9d6b33703e51011c16baf57afb285fc6", size = 25335, upload-time = "2022-10-25T02:36:20.889Z" },
]

[[package]]
name = "iniconfig"
version = "2.3.0"
source = { registry = "https://pypi.org/simple" }
sdist = { url = "https://files.pythonhosted.org/packages/72/34/14ca021ce8e5dfedc35312d08ba8bf51fdd999c576889fc2c24cb97f4f10/iniconfig-2.3.0.tar.gz", hash = "sha256:c76315c77db068650d49c5b56314774a7804df16fee4402c1f19d6d15d8c4730", size = 20503, upload-time = "2025-10-18T21:55:43.219Z" }
wheels = [
    { url = "https://files.pythonhosted.org/packages/cb/b1/3846dd7f199d53cb17f49cba7e651e9ce294d8497c8c150530ed11865bb8/iniconfig-2.3.0-py3-none-any.whl", hash = "sha256:f631c04d2c48c52b84d0d0549c99ff3859c98df65b3101406327ecc7d53fbf12", size = 7484, upload-time = "2025-10-18T21:55:41.639Z" },
]

[[package]]
name = "macholib"
version = "1.16.4"
source = { registry = "https://pypi.org/simple" }
dependencies = [
    { name = "altgraph" },
]
sdist = { url = "https://files.pythonhosted.org/packages/10/2f/97589876ea967487978071c9042518d28b958d87b17dceb7cdc1d881f963/macholib-1.16.4.tar.gz", hash = "sha256:f408c93ab2e995cd2c46e34fe328b130404be143469e41bc366c807448979362", size = 59427, upload-time = "2025-11-22T08:28:38.373Z" }
wheels = [
    { url = "https://files.pythonhosted.org/packages/c7/d1/a9f36f8ecdf0fb7c9b1e78c8d7af12b8c8754e74851ac7b94a8305540fc7/macholib-1.16.4-py2.py3-none-any.whl", hash = "sha256:da1a3fa8266e30f0ce7e97c6a54eefaae8edd1e5f86f3eb8b95457cae90265ea", size = 38117, upload-time = "2025-11-22T08:28:36.939Z" },
]

[[package]]
name = "packaging"
version = "26.3"
source = { registry = "https://pypi.org/simple" }
sdist = { url = "https://files.pythonhosted.org/packages/7d/fa/3944b40b07da9ce895c0e6303a5ab7d53da063554f534556b134a54d6093/packaging-26.3.tar.gz", hash = "sha256:94edc256424af38762eb31306eed28beb9f0efc50a8837492c9d6fd6004aed79", size = 313412, upload-time = "2026-08-04T18:15:28.737Z" }
wheels = [
    { url = "https://files.pythonhosted.org/packages/63/34/ba1c580383c9eada3711951fef0795c80b829a078d72188184bcab9dd527/packaging-26.3-py3-none-any.whl", hash = "sha256:d7193f7c8e4e93f444fde0262bf90af30e16fa0ad0ad44cb553c87339b23cd1c", size = 129956, upload-time = "2026-08-04T18:15:27.159Z" },
]

[[package]]
name = "pefile"
version = "2024.8.26"
source = { registry = "https://pypi.org/simple" }
sdist = { url = "https://files.pythonhosted.org/packages/03/4f/2750f7f6f025a1507cd3b7218691671eecfd0bbebebe8b39aa0fe1d360b8/pefile-2024.8.26.tar.gz", hash = "sha256:3ff6c5d8b43e8c37bb6e6dd5085658d658a7a0bdcd20b6a07b1fcfc1c4e9d632", size = 76008, upload-time = "2024-08-26T20:58:38.155Z" }
wheels = [
    { url = "https://files.pythonhosted.org/packages/54/16/12b82f791c7f50ddec566873d5bdd245baa1491bac11d15ffb98aecc8f8b/pefile-2024.8.26-py3-none-any.whl", hash = "sha256:76f8b485dcd3b1bb8166f1128d395fa3d87af26360c2358fb75b80019b957c6f", size = 74766, upload-time = "2024-08-26T21:01:02.632Z" },
]

[[package]]
name = "pluggy"
version = "1.6.0"
source = { registry = "https://pypi.org/simple" }
sdist = { url = "https://files.pythonhosted.org/packages/f9/e2/3e91f31a7d2b083fe6ef3fa267035b518369d9511ffab804f839851d2779/pluggy-1.6.0.tar.gz", hash = "sha256:7dcc130b76258d33b90f61b658791dede3486c3e6bfb003ee5c9bfb396dd22f3", size = 69412, upload-time = "2025-05-15T12:30:07.975Z" }
wheels = [
    { url = "https://files.pythonhosted.org/packages/54/20/4d324d65cc6d9205fabedc306948156824eb9f0ee1633355a8f7ec5c66bf/pluggy-1.6.0-py3-none-any.whl", hash = "sha256:e920276dd6813095e9377c0bc5566d94c932c33b27a3e3945d8389c374dd4746", size = 20538, upload-time = "2025-05-15T12:30:06.134Z" },
]

[[package]]
name = "pygments"
version = "2.20.0"
source = { registry = "https://pypi.org/simple" }
sdist = { url = "https://files.pythonhosted.org/packages/c3/b2/bc9c9196916376152d655522fdcebac55e66de6603a76a02bca1b6414f6c/pygments-2.20.0.tar.gz", hash = "sha256:6757cd03768053ff99f3039c1a36d6c0aa0b263438fcab17520b30a303a82b5f", size = 4955991, upload-time = "2026-03-29T13:29:33.898Z" }
wheels = [
    { url = "https://files.pythonhosted.org/packages/f4/7e/a72dd26f3b0f4f2bf1dd8923c85f7ceb43172af56d63c7383eb62b332364/pygments-2.20.0-py3-none-any.whl", hash = "sha256:81a9e26dd42fd28a23a2d169d86d7ac03b46e2f8b59ed4698fb4785f946d0176", size = 1231151, upload-time = "2026-03-29T13:29:30.038Z" },
]

[[package]]
name = "pyinstaller"
version = "6.22.1"
source = { registry = "https://pypi.org/simple" }
dependencies = [
    { name = "altgraph" },
    { name = "macholib", marker = "sys_platform == 'darwin'" },
    { name = "packaging" },
    { name = "pefile", marker = "sys_platform == 'win32'" },
    { name = "pyinstaller-hooks-contrib" },
    { name = "pywin32-ctypes", marker = "sys_platform == 'win32'" },
    { name = "setuptools" },
]
sdist = { url = "https://files.pythonhosted.org/packages/c3/28/11937d2d139139d5645cbaf905f7dcaa9c4929bd7b740ad9157af730fd39/pyinstaller-6.22.1.tar.gz", hash = "sha256:4e7ed495fccb9974d47cf72ef8cffc92afa05d60bc265c5585a68f3d229ca8d1", size = 4093778, upload-time = "2026-08-15T14:49:48.622Z" }
wheels = [
    { url = "https://files.pythonhosted.org/packages/5b/51/82e66bc31b42f4ccb9bfb8a54c7b63e586a8f4668d1b5569c0ebf7810cf3/pyinstaller-6.22.1-py3-none-macosx_10_13_universal2.whl", hash = "sha256:d519a5549bf560407a9cffa8547f278e79c1093dc1cade6d9658c67b650d66c4", size = 1062734, upload-time = "2026-08-15T14:48:43.181Z" },
    { url = "https://files.pythonhosted.org/packages/76/ef/7bcf8c48fbd413f5d83e618c376029625b1db5af8e60b198dedf17af6b9c/pyinstaller-6.22.1-py3-none-manylinux2014_aarch64.whl", hash = "sha256:0f257d6329d90def6b96f3ad9b601f4e10e549017d2ad09e730f4a9741b42138", size = 755696, upload-time = "2026-08-15T14:48:47.871Z" },
    { url = "https://files.pythonhosted.org/packages/0d/92/3d425e8342b57ac0e856e5abba8d52a4c10227d8d364d342e9799a36a855/pyinstaller-6.22.1-py3-none-manylinux2014_i686.whl", hash = "sha256:1df884760a6efc4cc9bdcd48899f1382c072ab499bb16ed0b03606f8f10380c6", size = 768870, upload-time = "2026-08-15T14:48:52.391Z" },
    { url = "https://files.pythonhosted.org/packages/a9/ab/49a3ad7987e68215f47acbb68352d519cb93934212d1f7d1d2f9ad49afe6/pyinstaller-6.22.1-py3-none-manylinux2014_ppc64le.whl", hash = "sha256:bc964609e73f32f79b4c967d1c29a05f913629fcf54b3752ec6ec82bf17cffdd", size = 767445, upload-time = "2026-08-15T14:48:56.481Z" },
    { url = "https://files.pythonhosted.org/packages/3b/79/ecf886650e5caafd1958f07913bf23838a5188f9429599d125ac0e837fdc/pyinstaller-6.22.1-py3-none-manylinux2014_s390x.whl", hash = "sha256:3b654721a9fa13abdd8a3a8e266debf750a6f50115d17addc54e3269dc944e75", size = 762114, upload-time = "2026-08-15T14:49:00.881Z" },
    { url = "https://files.pythonhosted.org/packages/3c/20/0efa9067556893788e59cfe077edbd0ef3af95d06ce020b42795697d9afc/pyinstaller-6.22.1-py3-none-manylinux2014_x86_64.whl", hash = "sha256:10d009ac9ddf17b57dbfe22a453363a02be4cb0d5bd8a119ba59ef530b936296", size = 762173, upload-time = "2026-08-15T14:49:05.014Z" },
    { url = "https://files.pythonhosted.org/packages/54/0d/0490244f31101e671d75ef0499dcd079d6ea79a5242b1b33cca32606c16a/pyinstaller-6.22.1-py3-none-musllinux_1_1_aarch64.whl", hash = "sha256:ff3c51c1a3b793d1917f75d0f5f31ef8bd889c0accc8478d604bbcc363fcb74b", size = 761673, upload-time = "2026-08-15T14:49:09.022Z" },
    { url = "https://files.pythonhosted.org/packages/a1/ec/f4ca5f2dd787a445d5b57010ad74a83acfd0fff9d6ef40984b05a995a28f/pyinstaller-6.22.1-py3-none-musllinux_1_1_x86_64.whl", hash = "sha256:bf5f4634b18add9381caa73bd1656a1f0736839aa41ca750fbd511116d5ae2ca", size = 761052, upload-time = "2026-08-15T14:49:13.084Z" },
    { url = "https://files.pythonhosted.org/packages/f7/9e/b53c56c5ace1a5cf8f780067c9f10036cc7f184792e4661a06f68087538f/pyinstaller-6.22.1-py3-none-win32.whl", hash = "sha256:c5d7859b59c17f5c28973eb683e2236abb7a6eed1a7f354dc7f65ee3a7dff8ab", size = 1345562, upload-time = "2026-08-15T14:49:19.058Z" },
    { url = "https://files.pythonhosted.org/packages/f1/77/894e6815f61022621661a32806ea6e41935ab6171df0408fc4502a9b772e/pyinstaller-6.22.1-py3-none-win_amd64.whl", hash = "sha256:9fe5d028023073b63c3e396e145c68a9c3382ab59889c749c4c248126d313945", size = 1406578, upload-time = "2026-08-15T14:49:25.54Z" },
    { url = "https://files.pythonhosted.org/packages/79/d3/863ba7ee499664a367d5095b11d5565f8576b87ff873b81a85fc4eb95d2a/pyinstaller-6.22.1-py3-none-win_arm64.whl", hash = "sha256:bb7a405ef0fbea9b20b7312484d2766d2aa157026a0406a8e7ce63a573748eae", size = 1354948, upload-time = "2026-08-15T14:49:31.935Z" },
]

[[package]]
name = "pyinstaller-hooks-contrib"
version = "2026.6"
source = { registry = "https://pypi.org/simple" }
dependencies = [
    { name = "packaging" },
]
sdist = { url = "https://files.pythonhosted.org/packages/94/5b/c9fe0db5e83ee1c39b2258fa21d23b15e1a60786b6c5990ee5074ead8bb6/pyinstaller_hooks_contrib-2026.6.tar.gz", hash = "sha256:bef5002c32f4f50bd55b005da12cff64eca8783e7eaf86a06a62410164bab725", size = 173354, upload-time = "2026-06-08T22:37:16.152Z" }
wheels = [
    { url = "https://files.pythonhosted.org/packages/e7/31/f2d7343d8ed5f7c4678377886f6ce533e6eaaa131b252ce950114c2a7efa/pyinstaller_hooks_contrib-2026.6-py3-none-any.whl", hash = "sha256:fd13b8ac126b35361175edacd41a0d97080b75dd5f4b594ecefefff969509dd3", size = 457159, upload-time = "2026-06-08T22:37:14.722Z" },
]

[[package]]
name = "pymupdf"
version = "1.28.2"
source = { registry = "https://pypi.org/simple" }
sdist = { url = "https://files.pythonhosted.org/packages/a3/fb/b6761fa2d5266f2cdb24c3b91f4023070ab7848381417678e7a289a1d52a/pymupdf-1.28.2.tar.gz", hash = "sha256:5e0be7908a715aa20333caddd73f1d6f01e4cd0c26e869fa2dd0b7f344da2249", size = 87903557, upload-time = "2026-08-06T21:43:23.321Z" }
wheels = [
    { url = "https://files.pythonhosted.org/packages/b4/51/550c9a75c4ff3245cb4ecb7bb95cbe2ab7374230b8e2b7a1f7259444150b/pymupdf-1.28.2-cp310-abi3-macosx_10_15_x86_64.whl", hash = "sha256:5fc315b425ff1f7afdd1ea2f348205cb19b806767daae7ce4d64115799c2bae1", size = 24645079, upload-time = "2026-08-06T21:37:25.001Z" },
    { url = "https://files.pythonhosted.org/packages/fa/01/3591f781b417b382a8487a2356e927acfe858b1043bab0ec47f6805bb109/pymupdf-1.28.2-cp310-abi3-macosx_11_0_arm64.whl", hash = "sha256:7113846b35dbf0a033f088e4f4fb543dabeb4b0b12c112966a1ca1ee2d5eacae", size = 23875605, upload-time = "2026-08-06T21:37:40.369Z" },
    { url = "https://files.pythonhosted.org/packages/d2/86/4a68f080b71b46802178346af46486e1697508e760855ff5f3b218a6dff7/pymupdf-1.28.2-cp310-abi3-manylinux_2_28_aarch64.whl", hash = "sha256:3050a233dde1211efe89ada74e2add6238436434159f46097a1423aad2842545", size = 25095554, upload-time = "2026-08-06T21:37:58.485Z" },
    { url = "https://files.pythonhosted.org/packages/c7/06/dace3e27af26690cb20bead80dbac42941b0841eb689b8aabbd67dde16f0/pymupdf-1.28.2-cp310-abi3-manylinux_2_28_x86_64.whl", hash = "sha256:397d6715c1f0df7548a92d0afd8ce370fc48fa47aeefac16be2bc04a16a8227f", size = 25762500, upload-time = "2026-08-06T21:38:17.438Z" },
    { url = "https://files.pythonhosted.org/packages/e5/61/4146dfa1d8172a1ce8d59f0eed94896ddefb8deb2274534d0522fbb8abf5/pymupdf-1.28.2-cp310-abi3-musllinux_1_2_x86_64.whl", hash = "sha256:f89fb2d86d07d643a269f17a093105057e20c79c1d06c103b53600067b6d2b01", size = 25986309, upload-time = "2026-08-06T21:38:35.472Z" },
    { url = "https://files.pythonhosted.org/packages/52/60/1fb6e64676f7500ebe89054b9e5bbbe14d3101c92d5f1a40ac9a35227673/pymupdf-1.28.2-cp310-abi3-win32.whl", hash = "sha256:530ef543a3885b3b81cb72a854e7c5a625a9233201221132bb6c31698c6a2bdb", size = 18525353, upload-time = "2026-08-06T21:38:47.697Z" },
    { url = "https://files.pythonhosted.org/packages/4a/61/d563bbccba262f9dd6d2d35ccb72593648184d886188efb12d9ce8f34dd6/pymupdf-1.28.2-cp310-abi3-win_amd64.whl", hash = "sha256:ebd244918798502d7b4504c90410d1711a4d7675a32584ca30f1bab419ecbffe", size = 19826532, upload-time = "2026-08-06T21:39:00.213Z" },
    { url = "https://files.pythonhosted.org/packages/e2/93/08f404a1f0155fe24137cf2d3aabd3e2b4b08c62053ed89c60f2611be3e9/pymupdf-1.28.2-cp310-abi3-win_arm64.whl", hash = "sha256:ffe91a24edc75c80da2a4b62f50fc0f54632d34fc8fe4cbc48e5c7ff07cf8fb4", size = 19759252, upload-time = "2026-08-06T21:39:12.937Z" },
    { url = "https://files.pythonhosted.org/packages/58/8c/d897dcd32a25b58186c968b15ce4324ca029e9d96460de12325314e390be/pymupdf-1.28.2-cp313-abi3-pyemscripten_2025_0_wasm32.whl", hash = "sha256:2e1b574c0fd2cb238021033fd3c0f9c4388816638df064e4bfb56d9d81736dc8", size = 18399403, upload-time = "2026-08-06T21:39:25.008Z" },
]

[[package]]
name = "pyside6"
version = "6.11.1"
source = { registry = "https://pypi.org/simple" }
dependencies = [
    { name = "pyside6-addons" },
    { name = "pyside6-essentials" },
    { name = "shiboken6" },
]
wheels = [
    { url = "https://files.pythonhosted.org/packages/da/a6/27ba5947ed48918f7b74b7c43a1e280aac069e36f25adeb4c9adfac835c4/pyside6-6.11.1-cp310-abi3-macosx_13_0_universal2.whl", hash = "sha256:537682c3b7530817203e667c1f5a2f00486b37bf52c52eeab438544c7a0917f6", size = 571921, upload-time = "2026-05-13T09:47:36.402Z" },
    { url = "https://files.pythonhosted.org/packages/d8/de/af89d71410c83b10654d86ff9aff2a4f87c30163658f1cc145242e222526/pyside6-6.11.1-cp310-abi3-manylinux_2_34_x86_64.whl", hash = "sha256:b1fc521ba2bb5109425ab8add06bddbdd524abcad06cfa012cc39a22a189feb2", size = 572102, upload-time = "2026-05-13T09:47:38.249Z" },
    { url = "https://files.pythonhosted.org/packages/b6/0e/d583bd3f7bf5046a4497b36f3902cfb64aa29554489a5a25c18e6b4ac0ac/pyside6-6.11.1-cp310-abi3-manylinux_2_39_aarch64.whl", hash = "sha256:75f0005c3eb95c07cfb65522ec50d0815ac007a96482c21dc3cb4b4c04895d84", size = 572098, upload-time = "2026-05-13T09:47:39.44Z" },
    { url = "https://files.pythonhosted.org/packages/57/f2/d9d8ce1373dabb37e5919f63cd18446556079631d3f2eea3ada03c29f6b8/pyside6-6.11.1-cp310-abi3-win_amd64.whl", hash = "sha256:0968877ab1fb4ef3587a284da6fe05e8647ada56a6a3750b6395188e01f4aba6", size = 578377, upload-time = "2026-05-13T09:47:40.76Z" },
    { url = "https://files.pythonhosted.org/packages/96/02/a6057d8bd2bdb1940820fff2d627fdf4013148c9c57adf69fa40d3452ac3/pyside6-6.11.1-cp310-abi3-win_arm64.whl", hash = "sha256:acee467cb5f256cc47ebb9d815a054c1d8416da380c191b247a76d164aa3f805", size = 561765, upload-time = "2026-05-13T09:47:41.9Z" },
]

[[package]]
name = "pyside6-addons"
version = "6.11.1"
source = { registry = "https://pypi.org/simple" }
dependencies = [
    { name = "pyside6-essentials" },
    { name = "shiboken6" },
]
wheels = [
    { url = "https://files.pythonhosted.org/packages/3f/6b/8bc94aff48b63f788f2d84e5467c12362d68906ba742c0942f46cb04c879/pyside6_addons-6.11.1-cp310-abi3-macosx_13_0_universal2.whl", hash = "sha256:54733c77f789bef5f03c6aff4ad3bec8b2eff021f0cfcbc53d5e6c250ded24f9", size = 331714589, upload-time = "2026-05-13T09:39:12.36Z" },
    { url = "https://files.pythonhosted.org/packages/dd/62/fb1428a523b2a4541e232aab50d9e789e6b4526f37fd9593452a7ea5b6b3/pyside6_addons-6.11.1-cp310-abi3-manylinux_2_34_x86_64.whl", hash = "sha256:8e6c65fbd73a512d6f72cda8d8277444a85a34dc99dd1dae9c21d35b8671bb1f", size = 175063224, upload-time = "2026-05-13T09:39:34.185Z" },
    { url = "https://files.pythonhosted.org/packages/ee/9b/2ccd52f66db55c06de65d0501170a1935d04d64d0a230c0d892284a02ce3/pyside6_addons-6.11.1-cp310-abi3-manylinux_2_39_aarch64.whl", hash = "sha256:bf1c6c4e954e5eba3d2a7c661ad4b9689e8f09c7f4a16bdf29713371d11af993", size = 170553429, upload-time = "2026-05-13T09:39:54.424Z" },
    { url = "https://files.pythonhosted.org/packages/9a/bd/8adc4d350b3b363f3dfc8fccdcf5bfed25f7e36c2fff30c64e106f4f1572/pyside6_addons-6.11.1-cp310-abi3-win_amd64.whl", hash = "sha256:0d13c4dfd671b050a48e4f8d8ddc724b7248f9c0437e7fc47fdf316278572923", size = 168816308, upload-time = "2026-05-13T09:40:13.541Z" },
    { url = "https://files.pythonhosted.org/packages/65/b7/9a840d97f0f0f04e372a87e205dd30ee285b4e3b021b188459a917c9dc76/pyside6_addons-6.11.1-cp310-abi3-win_arm64.whl", hash = "sha256:3494f480dee92f415be2f2d989c0b3f4755ac332b28045cbf4ba0f5c5a22ba37", size = 35759347, upload-time = "2026-05-13T09:40:21.199Z" },
]

[[package]]
name = "pyside6-essentials"
version = "6.11.1"
source = { registry = "https://pypi.org/simple" }
dependencies = [
    { name = "shiboken6" },
]
wheels = [
    { url = "https://files.pythonhosted.org/packages/b3/da/10d9197e7370eb4fed8df5fc547b7548dec88e5c5949e2d450db4ae96feb/pyside6_essentials-6.11.1-cp310-abi3-macosx_13_0_universal2.whl", hash = "sha256:228de53c2bc26b07e5021fbe3614fc44ca08e4dab9999af08c2b389d2c239957", size = 110352945, upload-time = "2026-05-13T09:43:08.006Z" },
    { url = "https://files.pythonhosted.org/packages/5c/49/0e1237c4400bec7e335d2c4eeb49bc40d9fd88a9ac44ca9083ce1abdc308/pyside6_essentials-6.11.1-cp310-abi3-manylinux_2_34_x86_64.whl", hash = "sha256:e3ef7027b41e4e55fadb56e3b3257dc8ee92154b639fe67fc4c8e05e9d976c60", size = 79908535, upload-time = "2026-05-13T09:43:24.836Z" },
    { url = "https://files.pythonhosted.org/packages/4c/c5/da4c5f23c6540ac5211a1f60177c8dee84b1bf40f2719479587ab8c60731/pyside6_essentials-6.11.1-cp310-abi3-manylinux_2_39_aarch64.whl", hash = "sha256:a039b6da68a3a4b9d243217b2b98d475eed3f617159ef6be925badab53c11b0d", size = 78960051, upload-time = "2026-05-13T09:43:35.423Z" },
    { url = "https://files.pythonhosted.org/packages/64/0e/b663ecc96ca57b5c91b83b6615d6b174380b0faf30338125c26e053d6aa7/pyside6_essentials-6.11.1-cp310-abi3-win_amd64.whl", hash = "sha256:63311bd48e32c584599ab04b9ef7c324082374cd2c9fa533f978fb893bb47e40", size = 77549267, upload-time = "2026-05-13T09:43:44.92Z" },
    { url = "https://files.pythonhosted.org/packages/f1/12/eb6723faf5cb7fa581145da1c15f40d641b96e080f0491af2f1859fdeedb/pyside6_essentials-6.11.1-cp310-abi3-win_arm64.whl", hash = "sha256:11253ea52aabecefe9febddbbe78b43a824129e3af1cec98431028fba7fa954f", size = 57964512, upload-time = "2026-05-13T09:43:52.968Z" },
]

[[package]]
name = "pytest"
version = "9.1.1"
source = { registry = "https://pypi.org/simple" }
dependencies = [
    { name = "colorama", marker = "sys_platform == 'win32'" },
    { name = "iniconfig" },
    { name = "packaging" },
    { name = "pluggy" },
    { name = "pygments" },
]
sdist = { url = "https://files.pythonhosted.org/packages/e4/47/b9efed96c114afcfa3c9d3fe98a76a1d14c74a9e266d397cf6eb64be5e01/pytest-9.1.1.tar.gz", hash = "sha256:1088fbde8f2b49d95a549a195707afa7a76a3ce9bcadc26b6d71f0ffda5fe313", size = 1636369, upload-time = "2026-06-19T10:58:32.857Z" }
wheels = [
    { url = "https://files.pythonhosted.org/packages/24/25/1de2678b631f5a49215c6c96fff41ba892b0a34df68d6d80292b1b48aa7f/pytest-9.1.1-py3-none-any.whl", hash = "sha256:37a86b45efb9a47a61a36449063e8e18d0cab3161329fc099eb21783169c4f0c", size = 386536, upload-time = "2026-06-19T10:58:31.347Z" },
]

[[package]]
name = "pytest-qt"
version = "4.5.0"
source = { registry = "https://pypi.org/simple" }
dependencies = [
    { name = "pluggy" },
    { name = "pytest" },
    { name = "typing-extensions" },
]
sdist = { url = "https://files.pythonhosted.org/packages/d3/61/8bdec02663c18bf5016709b909411dce04a868710477dc9b9844ffcf8dd2/pytest_qt-4.5.0.tar.gz", hash = "sha256:51620e01c488f065d2036425cbc1cbcf8a6972295105fd285321eb47e66a319f", size = 128702, upload-time = "2025-07-01T17:24:39.889Z" }
wheels = [
    { url = "https://files.pythonhosted.org/packages/cc/d0/8339b888ad64a3d4e508fed8245a402b503846e1972c10ad60955883dcbb/pytest_qt-4.5.0-py3-none-any.whl", hash = "sha256:ed21ea9b861247f7d18090a26bfbda8fb51d7a8a7b6f776157426ff2ccf26eff", size = 37214, upload-time = "2025-07-01T17:24:38.226Z" },
]

[[package]]
name = "pywin32-ctypes"
version = "0.2.3"
source = { registry = "https://pypi.org/simple" }
sdist = { url = "https://files.pythonhosted.org/packages/85/9f/01a1a99704853cb63f253eea009390c88e7131c67e66a0a02099a8c917cb/pywin32-ctypes-0.2.3.tar.gz", hash = "sha256:d162dc04946d704503b2edc4d55f3dba5c1d539ead017afa00142c38b9885755", size = 29471, upload-time = "2024-08-14T10:15:34.626Z" }
wheels = [
    { url = "https://files.pythonhosted.org/packages/de/3d/8161f7711c017e01ac9f008dfddd9410dff3674334c233bde66e7ba65bbf/pywin32_ctypes-0.2.3-py3-none-any.whl", hash = "sha256:8a1513379d709975552d202d942d9837758905c8d01eb82b8bcc30918929e7b8", size = 30756, upload-time = "2024-08-14T10:15:33.187Z" },
]

[[package]]
name = "regex"
version = "2026.7.19"
source = { registry = "https://pypi.org/simple" }
sdist = { url = "https://files.pythonhosted.org/packages/20/98/04b13f1ddfb63158025291c02e03eb42fbb7acb51d091d541050eb4e35e8/regex-2026.7.19.tar.gz", hash = "sha256:7e77b324909c1617cbb4c668677e2c6ae13f44d7c1de0d4f15f2e3c10f3315b5", size = 416440, upload-time = "2026-07-19T00:19:48.923Z" }
wheels = [
    { url = "https://files.pythonhosted.org/packages/3b/b9/d11d7e501ac8fd7d617684423ebb9561e0b998481c1e4cbc0cb212c5d74a/regex-2026.7.19-cp312-cp312-macosx_10_13_universal2.whl", hash = "sha256:2cc3460cedf7579948486eab03bc9ad7089df4d7281c0f47f4afe03e8d13f02d", size = 496778, upload-time = "2026-07-19T00:17:05.677Z" },
    { url = "https://files.pythonhosted.org/packages/3f/a9/a5ab6f312f24318019170dc485d5421fe4f89e43a98640da50d95a8a7041/regex-2026.7.19-cp312-cp312-macosx_10_13_x86_64.whl", hash = "sha256:0e9554c8785eac5cffe6300f69a91f58ba72bc88a5f8d661235ad7c6aa5b8ccd", size = 297122, upload-time = "2026-07-19T00:17:07.59Z" },
    { url = "https://files.pythonhosted.org/packages/b3/63/4cab4d7f2d384a144d420b763d97674cb70619c878ea6fcd7640d0e62143/regex-2026.7.19-cp312-cp312-macosx_11_0_arm64.whl", hash = "sha256:d7da47a0f248977f08e2cb659ff3c17ddc13a4d39b3a7baa0a81bf5b415430f6", size = 292009, upload-time = "2026-07-19T00:17:09.648Z" },
    { url = "https://files.pythonhosted.org/packages/22/85/102a81b218298957d4ea7d2f084fae537a71add9d6ff93c8e67284c5f45e/regex-2026.7.19-cp312-cp312-manylinux2014_aarch64.manylinux_2_17_aarch64.manylinux_2_28_aarch64.whl", hash = "sha256:93db40c8de0815baab96a06e08a984bac71f989d13bab789e382158c5d426797", size = 796708, upload-time = "2026-07-19T00:17:11.542Z" },
    { url = "https://files.pythonhosted.org/packages/78/b5/dc136af5629938a037cd2b304c12240e132ec92f38be8ff9cc89af2a1f2d/regex-2026.7.19-cp312-cp312-manylinux2014_ppc64le.manylinux_2_17_ppc64le.manylinux_2_28_ppc64le.whl", hash = "sha256:66bd62c59a5427746e8c44becae1d9b99d22fb13f30f492083dfb9ad7c45cc18", size = 865651, upload-time = "2026-07-19T00:17:13.312Z" },
    { url = "https://files.pythonhosted.org/packages/e0/75/67402ae3cd9c8c988a4c805d15ee3eef015e7ca4cb112cf3e640fc1f4153/regex-2026.7.19-cp312-cp312-manylinux2014_s390x.manylinux_2_17_s390x.manylinux_2_28_s390x.whl", hash = "sha256:1649eb39fcc9ea80c4d2f110fde2b8ab2aef3877b98f02ab9b14e961f418c511", size = 911756, upload-time = "2026-07-19T00:17:15.015Z" },
    { url = "https://files.pythonhosted.org/packages/2a/8e/096d00c7c480ef2ff4265349b14e2261d4ab787ba1f74e2e80d1c58079c3/regex-2026.7.19-cp312-cp312-manylinux2014_x86_64.manylinux_2_17_x86_64.manylinux_2_28_x86_64.whl", hash = "sha256:9dce8ec9695f531a1b8a6f314fd4b393adcccf2ea861db480cdf97a301d01a68", size = 801798, upload-time = "2026-07-19T00:17:17.208Z" },
    { url = "https://files.pythonhosted.org/packages/f0/41/e7ecac6edb5722417f85cc67eaf386322fbe8acf6918ec2fdc37c20dd9d0/regex-2026.7.19-cp312-cp312-manylinux_2_31_riscv64.manylinux_2_39_riscv64.whl", hash = "sha256:3080a7fd38ef049bd489e01c970c97dd84ff446a885b0f1f6b26d9b1ad13ce11", size = 776933, upload-time = "2026-07-19T00:17:19.347Z" },
    { url = "https://files.pythonhosted.org/packages/6f/69/03c9b3f058d66403e0ca2c938696e81d51cd4c6d47ec5265f02f96948d9a/regex-2026.7.19-cp312-cp312-musllinux_1_2_aarch64.whl", hash = "sha256:1d793a7988e04fcb1e2e135567443d82173225d657419ec09414a9b5a145b986", size = 784338, upload-time = "2026-07-19T00:17:21.057Z" },
    { url = "https://files.pythonhosted.org/packages/f6/f7/b38ab3d43f284afbb618fcd15d0e77eb786ae461ce1f6bc7494619ddc0f2/regex-2026.7.19-cp312-cp312-musllinux_1_2_ppc64le.whl", hash = "sha256:e8b0abe7d870f53ca5143895fef7d1041a0c831a140d3dc2c760dd7ba25d4a8b", size = 860452, upload-time = "2026-07-19T00:17:23.119Z" },
    { url = "https://files.pythonhosted.org/packages/15/5c/ff60ef0571121714f3cf9920bc183071e384a10b556d042e0fdb06cc07a5/regex-2026.7.19-cp312-cp312-musllinux_1_2_riscv64.whl", hash = "sha256:4e5413bd5f13d3a4e3539ca98f70f75e7fca92518dd7f117f030ebedd10b60cb", size = 765958, upload-time = "2026-07-19T00:17:24.81Z" },
    { url = "https://files.pythonhosted.org/packages/aa/0f/bd34021162c0ab47f9a315bd56cd5642e920c8e5668a75ef6c6a6fca590d/regex-2026.7.19-cp312-cp312-musllinux_1_2_s390x.whl", hash = "sha256:73b133a9e6fb512858e7f065e96f1180aa46646bc74a83aea62f1d314f3dd035", size = 851765, upload-time = "2026-07-19T00:17:26.993Z" },
    { url = "https://files.pythonhosted.org/packages/2a/20/a2ca43edade0595cccfdc98636739f536d9e26898e7dbddc2b9e98898953/regex-2026.7.19-cp312-cp312-musllinux_1_2_x86_64.whl", hash = "sha256:dbe6493fbd27321b1d1f2dd4f5c7e5bd4d8b1d7cab7f32fd67db3d0b2ed8248a", size = 789714, upload-time = "2026-07-19T00:17:28.699Z" },
    { url = "https://files.pythonhosted.org/packages/5d/47/e02db4015d424fc83c00ea0ac8c5e5ec14397943de9abf909d5ce3a25931/regex-2026.7.19-cp312-cp312-win32.whl", hash = "sha256:ddd67571c10869f65a5d7dde536d1e066e306cc90de57d7de4d5f34802428bb5", size = 267157, upload-time = "2026-07-19T00:17:31.051Z" },
    { url = "https://files.pythonhosted.org/packages/08/8e/c780c131f79b42ed22d1bd7da4096c2c35f813e835acd02ef0f018bd892c/regex-2026.7.19-cp312-cp312-win_amd64.whl", hash = "sha256:e30d40268a28d54ce0437031750497004c22602b8e3ab891f759b795a003b312", size = 277777, upload-time = "2026-07-19T00:17:32.848Z" },
    { url = "https://files.pythonhosted.org/packages/3e/4c/e4d7e086449bdf379d89774bf1f89dc4a41943f3c5a6125a03905b34b5fb/regex-2026.7.19-cp312-cp312-win_arm64.whl", hash = "sha256:de9208bb427130c82a5dbfd104f92c8876fc9559278c880b3002755bbbe9c83d", size = 277136, upload-time = "2026-07-19T00:17:34.803Z" },
    { url = "https://files.pythonhosted.org/packages/5d/3d/84165e4299ff76f3a40fe1f2abf939e976f693383a08d2beea6af62bd2c1/regex-2026.7.19-cp313-cp313-macosx_10_13_universal2.whl", hash = "sha256:f035d9dc1d25eff9d361456572231c7d27b5ccd473ca7dc0adfce732bd006d40", size = 496552, upload-time = "2026-07-19T00:17:36.808Z" },
    { url = "https://files.pythonhosted.org/packages/02/a2/a65293e6e4cf28eb7ee1be5335a5386c40d6742e9f47fafc8fec785e16c7/regex-2026.7.19-cp313-cp313-macosx_10_13_x86_64.whl", hash = "sha256:c42572142ed0b9d5d261ba727157c426510da78e20828b66bbb855098b8a4e38", size = 296983, upload-time = "2026-07-19T00:17:38.816Z" },
    { url = "https://files.pythonhosted.org/packages/95/47/2d0564e93d87bc48618360ddca232a2ca612bbdf53ce8465d45ca5ce14ee/regex-2026.7.19-cp313-cp313-macosx_11_0_arm64.whl", hash = "sha256:40b34dd88658e4fedd2fddbf0275ac970d00614b731357f425722a3ed1983d11", size = 291832, upload-time = "2026-07-19T00:17:40.726Z" },
    { url = "https://files.pythonhosted.org/packages/07/cd/42dfbabff3dfc9603c501c0e2e2c5adbb09d127b267bf5348de0af338c15/regex-2026.7.19-cp313-cp313-manylinux2014_aarch64.manylinux_2_17_aarch64.manylinux_2_28_aarch64.whl", hash = "sha256:0c41c63992bf1874cebb6e7f56fd7d3c007924659a604ae3d90e427d40d4fd13", size = 796775, upload-time = "2026-07-19T00:17:42.382Z" },
    { url = "https://files.pythonhosted.org/packages/df/5d/f6a4839f2b934e3eed5973fd07f5929ee97d4c98939fb275ea23c274ee16/regex-2026.7.19-cp313-cp313-manylinux2014_ppc64le.manylinux_2_17_ppc64le.manylinux_2_28_ppc64le.whl", hash = "sha256:1d3372064506b94dd2c67c845f2db8062e9e9ba84d04e33cb96d7d33c11fe1ae", size = 865687, upload-time = "2026-07-19T00:17:44.185Z" },
    { url = "https://files.pythonhosted.org/packages/14/b0/b47d6c36049bc59806a50bd4c86ced70bbe058d787f80281b1d7a9b0e024/regex-2026.7.19-cp313-cp313-manylinux2014_s390x.manylinux_2_17_s390x.manylinux_2_28_s390x.whl", hash = "sha256:fce7760bf283405b2c7999cab3da4e72f7deca6396013115e3f7a955db9760da", size = 911962, upload-time = "2026-07-19T00:17:46.442Z" },
    { url = "https://files.pythonhosted.org/packages/2a/be/ff61f28f9273658cfe23acbbac5217221f6519960ed401e61dfdab12bc35/regex-2026.7.19-cp313-cp313-manylinux2014_x86_64.manylinux_2_17_x86_64.manylinux_2_28_x86_64.whl", hash = "sha256:c0d702548d89d572b2929879bc883bb7a4c4709efafe4512cadee56c55c9bd15", size = 801817, upload-time = "2026-07-19T00:17:48.25Z" },
    { url = "https://files.pythonhosted.org/packages/c3/bb/8b4f7f26b333f9f79e1b453613c39bb4776f51d38ae66dd0ba31d6b354ca/regex-2026.7.19-cp313-cp313-manylinux_2_31_riscv64.manylinux_2_39_riscv64.whl", hash = "sha256:d446c6ac40bb6e05025ccee55b84d80fe9bf8e93010ffc4bb9484f13d498835f", size = 776908, upload-time = "2026-07-19T00:17:50.183Z" },
    { url = "https://files.pythonhosted.org/packages/09/13/610110fc5921d380516d03c26b652555f08aa0d23ea78a771231873c3638/regex-2026.7.19-cp313-cp313-musllinux_1_2_aarch64.whl", hash = "sha256:4c3501bfa814ab07b5580741f9bf78dfdfe146a04057f82df9e2402d2a975939", size = 784426, upload-time = "2026-07-19T00:17:52.454Z" },
    { url = "https://files.pythonhosted.org/packages/ca/f5/1ef9e2a83a5947c57ebff0b377cb5727c3d5ec1992317a320d035cd0dbb6/regex-2026.7.19-cp313-cp313-musllinux_1_2_ppc64le.whl", hash = "sha256:c4585c3e64b4f9e583b4d2683f18f5d5d872b3d71dcf24594b74ecc23602fa96", size = 860600, upload-time = "2026-07-19T00:17:54.229Z" },
    { url = "https://files.pythonhosted.org/packages/a0/02/073af33a3ec149241d11c80acea91e722aa0adbf05addd50f251c4fe89c3/regex-2026.7.19-cp313-cp313-musllinux_1_2_riscv64.whl", hash = "sha256:571fde9741eb0ccde23dd4e0c1d50fbae910e901fa7e629faf39b2dda740d220", size = 765950, upload-time = "2026-07-19T00:17:56.041Z" },
    { url = "https://files.pythonhosted.org/packages/81/a9/d1e9f819dc394a568ef370cd56cf25394e957a2235f8370f23b576e5a475/regex-2026.7.19-cp313-cp313-musllinux_1_2_s390x.whl", hash = "sha256:15b364b9b98d6d2fe1a85034c23a3180ff913f46caddc3895f6fd65186255ccc", size = 851794, upload-time = "2026-07-19T00:17:57.897Z" },
    { url = "https://files.pythonhosted.org/packages/03/3a/8ae83eda7579feacdf984e71fb9e70635fb6f832eeddca58427ec4fca926/regex-2026.7.19-cp313-cp313-musllinux_1_2_x86_64.whl", hash = "sha256:ffd8893ccc1c2fce6e0d6ca402d716fe1b29db70c7132609a05955e31b2aa8f2", size = 789845, upload-time = "2026-07-19T00:17:59.97Z" },
    { url = "https://files.pythonhosted.org/packages/4b/23/c195cbfe5a75fdec64d8f6554fd15237b837919d2c61bdc141d7c807b08b/regex-2026.7.19-cp313-cp313-win32.whl", hash = "sha256:f0fa4fa9c3632d708742baf2282f2055c11d888a790362670a403cbf48a2c404", size = 267135, upload-time = "2026-07-19T00:18:01.958Z" },
    { url = "https://files.pythonhosted.org/packages/b2/80/a11de8404b7272b70acb45c1c05987cce60b45d5693da2e176f0e390d564/regex-2026.7.19-cp313-cp313-win_amd64.whl", hash = "sha256:d51ffd3427640fa2da6ade574ceba932f210ad095f65fcc450a2b0a0d454868e", size = 277747, upload-time = "2026-07-19T00:18:04.121Z" },
    { url = "https://files.pythonhosted.org/packages/d1/29/0f5c8eff1b4f1f3d83276d365fccecf666afcc7d947420943bf394d07adb/regex-2026.7.19-cp313-cp313-win_arm64.whl", hash = "sha256:c670fe7be5b6020b76bc6e8d2196074657e1327595bca93a389e1a76ab130ad8", size = 277129, upload-time = "2026-07-19T00:18:05.821Z" },
    { url = "https://files.pythonhosted.org/packages/dc/4c/44b74742052cedda40f9ae469532a037112f7311a36669a891fba8984bb0/regex-2026.7.19-cp313-cp313t-macosx_10_13_universal2.whl", hash = "sha256:db47b561c9afd884baa1f96f797c9ca369872c4b65912bc691cfa99e68340af2", size = 501134, upload-time = "2026-07-19T00:18:07.567Z" },
    { url = "https://files.pythonhosted.org/packages/f0/45/bbd038b5e39ee5613a5a689290145b40058cc152c41de9cc23639d2b9734/regex-2026.7.19-cp313-cp313t-macosx_10_13_x86_64.whl", hash = "sha256:65dcd28d3eba2ab7c2fd906485cc301392b47cc2234790d27d4e4814e02cdfda", size = 299418, upload-time = "2026-07-19T00:18:09.38Z" },
    { url = "https://files.pythonhosted.org/packages/65/38/c5bde94b4cedfd5850d64c3f08222d8e1600e84f6ee71d9b44b4b8163f74/regex-2026.7.19-cp313-cp313t-macosx_11_0_arm64.whl", hash = "sha256:f2e7f8e2ab6c2922be02c7ec45185aa5bd771e2e57b95455ee343a44d8130dff", size = 294486, upload-time = "2026-07-19T00:18:11.188Z" },
    { url = "https://files.pythonhosted.org/packages/d7/6a/2f5e107cb26c960b781967178899daf2787a7ab151844ed3c01d6fc95474/regex-2026.7.19-cp313-cp313t-manylinux2014_aarch64.manylinux_2_17_aarch64.manylinux_2_28_aarch64.whl", hash = "sha256:fe31f28c94402043161876a258a9c6f757cb485905c7614ce8d6cd40e6b7bdc1", size = 811643, upload-time = "2026-07-19T00:18:12.975Z" },
    { url = "https://files.pythonhosted.org/packages/37/d4/a2f963406d7d73a62eed84ba05a258afb6cad1b21aa4517443ce40506b78/regex-2026.7.19-cp313-cp313t-manylinux2014_ppc64le.manylinux_2_17_ppc64le.manylinux_2_28_ppc64le.whl", hash = "sha256:f8f6fa298bb4f7f58a33334406218ba74716e68feddf5e4e54cd5d8082705abf", size = 871081, upload-time = "2026-07-19T00:18:14.733Z" },
    { url = "https://files.pythonhosted.org/packages/45/a3/44be546340bedb15f13063f5e7fe16793ea4d9ea2e805d09bd174ac27724/regex-2026.7.19-cp313-cp313t-manylinux2014_s390x.manylinux_2_17_s390x.manylinux_2_28_s390x.whl", hash = "sha256:cc1b2440423a851fad781309dd87843868f4f66a6bcd1ddb9225cf4ec2c84732", size = 917372, upload-time = "2026-07-19T00:18:16.724Z" },
    { url = "https://files.pythonhosted.org/packages/f8/f6/e0870b0fd2a40dba0074e4b76e514b21313d37946c9248453e34ec43923e/regex-2026.7.19-cp313-cp313t-manylinux2014_x86_64.manylinux_2_17_x86_64.manylinux_2_28_x86_64.whl", hash = "sha256:8ac59a0900474a52b7c04af8196affc22bd9842acb0950df12f7b813e983609a", size = 816089, upload-time = "2026-07-19T00:18:18.617Z" },
    { url = "https://files.pythonhosted.org/packages/ae/27/957e8e22690ad6634572b39b71f130a6105f4d0718bb16849eac00fff147/regex-2026.7.19-cp313-cp313t-manylinux_2_31_riscv64.manylinux_2_39_riscv64.whl", hash = "sha256:4896db1f4ce0576765b8272aa922df324e0f5b9bb2c3d03044ff32a7234a9aba", size = 785206, upload-time = "2026-07-19T00:18:20.464Z" },
    { url = "https://files.pythonhosted.org/packages/76/a4/186e410941e731037c01166069ab86da9f65e8f8110c18009ccf4bd623ee/regex-2026.7.19-cp313-cp313t-musllinux_1_2_aarch64.whl", hash = "sha256:4e6883a021db30511d9fb8cfb0f222ce1f2c369f7d4d8b0448f449a93ba0bdfc", size = 800431, upload-time = "2026-07-19T00:18:22.716Z" },
    { url = "https://files.pythonhosted.org/packages/73/9f/e4e10e023d291d64a33e246610b724493bf1ce98e0e59c9b7c837e5acfb7/regex-2026.7.19-cp313-cp313t-musllinux_1_2_ppc64le.whl", hash = "sha256:09523a592938aa9f587fb74467c63ff0cf88fc3df14c82ab0f0517dcf76aaa62", size = 864906, upload-time = "2026-07-19T00:18:24.772Z" },
    { url = "https://files.pythonhosted.org/packages/24/57/ccb20b6be5f1f52a053d1ba2a8f7a077edb9d918248b8490d7506c6832b3/regex-2026.7.19-cp313-cp313t-musllinux_1_2_riscv64.whl", hash = "sha256:1ebac3474b8589fce2f9b225b650afd61448f7c73a5d0255a10cc6366471aed1", size = 773559, upload-time = "2026-07-19T00:18:27.008Z" },
    { url = "https://files.pythonhosted.org/packages/a3/82/f3b263cf8fad927dc102891da8502e718b7ff9d19af7a2a07c03865d7188/regex-2026.7.19-cp313-cp313t-musllinux_1_2_s390x.whl", hash = "sha256:4a0530bb1b8c1c985e7e2122e2b4d3aedd8a3c21c6bfddae6767c4405668b56e", size = 857739, upload-time = "2026-07-19T00:18:29.107Z" },
    { url = "https://files.pythonhosted.org/packages/47/2e/1687bd1b6c2aed5e672ccf845fc11557821fe7366d921b50889ea5ce57bf/regex-2026.7.19-cp313-cp313t-musllinux_1_2_x86_64.whl", hash = "sha256:2ef7eeb108c47ce7bcc9513e51bcb1bf57e8f483d52fce68a8642e3527141ae0", size = 804522, upload-time = "2026-07-19T00:18:31.362Z" },
    { url = "https://files.pythonhosted.org/packages/76/7c/cc4e7655181b2d9235b704f2c5e19d8eff002bbc437bae59baee0e381aca/regex-2026.7.19-cp313-cp313t-win32.whl", hash = "sha256:64b6ca7391a1395c2638dd5c7456d67bea44fc6c5e8e92c5dc8aa6a8f23292b4", size = 269141, upload-time = "2026-07-19T00:18:33.479Z" },
    { url = "https://files.pythonhosted.org/packages/bb/14/961b4c7b05a2391c32dbc85e27773076671ef8f97f36cec70fe414734c02/regex-2026.7.19-cp313-cp313t-win_amd64.whl", hash = "sha256:f04b9f56b0e0614c0126be12c2c2d9f8850c1e57af302bd0a63bed379d4af974", size = 280036, upload-time = "2026-07-19T00:18:35.419Z" },
    { url = "https://files.pythonhosted.org/packages/ce/67/795644550d788ddbb6dc458c95895f8009978ea6d6ea76b005eb3f45e8c9/regex-2026.7.19-cp313-cp313t-win_arm64.whl", hash = "sha256:fcee38cd8e5089d6d4f048ba1233b3ad76e5954f545382180889112ff5cb712d", size = 279394, upload-time = "2026-07-19T00:18:37.454Z" },
]

[[package]]
name = "rgpdf"
version = "0.0.4"
source = { editable = "." }
dependencies = [
    { name = "pymupdf" },
    { name = "pyside6" },
    { name = "regex" },
]

[package.dev-dependencies]
dev = [
    { name = "pyinstaller" },
    { name = "pytest" },
    { name = "pytest-qt" },
]

[package.metadata]
requires-dist = [
    { name = "pymupdf", specifier = ">=1.25" },
    { name = "pyside6", specifier = ">=6.8" },
    { name = "regex", specifier = ">=2024.11.6" },
]

[package.metadata.requires-dev]
dev = [
    { name = "pyinstaller", specifier = ">=6.22.1" },
    { name = "pytest", specifier = ">=8.3" },
    { name = "pytest-qt", specifier = ">=4.4" },
]

[[package]]
name = "setuptools"
version = "84.0.0"
source = { registry = "https://pypi.org/simple" }
sdist = { url = "https://files.pythonhosted.org/packages/6d/44/f5da03a8ef95d369145c5bb53050e7877c9f3d312e128605fd9504829143/setuptools-84.0.0.tar.gz", hash = "sha256:f4695c21257f0d9b537ec2692c941d02ee143b7cc1276941349a546573b2ef73", size = 1168449, upload-time = "2026-08-08T18:27:58.365Z" }
wheels = [
    { url = "https://files.pythonhosted.org/packages/95/9c/c510029fc6ef33a6275cd2c5d3cecd6613dfd6aa401d57c54f1c18852ccf/setuptools-84.0.0-py3-none-any.whl", hash = "sha256:51a52592b3b99e102b609654876bd65f19f999935166d1352678931132b0c670", size = 818216, upload-time = "2026-08-08T18:27:56.719Z" },
]

[[package]]
name = "shiboken6"
version = "6.11.1"
source = { registry = "https://pypi.org/simple" }
wheels = [
    { url = "https://files.pythonhosted.org/packages/17/f3/f2b63df0251e7cd3172ea28e32ede52739de9566bcefcd0178681538ac81/shiboken6-6.11.1-cp310-abi3-macosx_13_0_universal2.whl", hash = "sha256:1a16867f103ef1c662a5f09dfed03273a9f81688b174555162c58e83650a3f02", size = 476874, upload-time = "2026-05-13T09:47:01.091Z" },
    { url = "https://files.pythonhosted.org/packages/c7/9b/e0355d8897b5c150770f1d95718aad17d432fcc9c035c04f3f58427d4693/shiboken6-6.11.1-cp310-abi3-manylinux_2_34_x86_64.whl", hash = "sha256:9a8bccfafc8805254cabcfa1edfaf55cd52889f4998c91ad0d9a4433fb1bcdbe", size = 272222, upload-time = "2026-05-13T09:47:02.653Z" },
    { url = "https://files.pythonhosted.org/packages/57/d5/dd4f1defed400be03340f2ede34b61f846776650b4e7ed9ebaf4c71979a2/shiboken6-6.11.1-cp310-abi3-manylinux_2_39_aarch64.whl", hash = "sha256:1bd2f4314414df2d122d9f646e03b731bc6d6b5f77a5f53f99a4fe4e97d84e6f", size = 270350, upload-time = "2026-05-13T09:47:04.02Z" },
    { url = "https://files.pythonhosted.org/packages/52/b5/3f6fb2ee65b534193fb4ef713dd619dc31dadff5d12c16979a7699ad58be/shiboken6-6.11.1-cp310-abi3-win_amd64.whl", hash = "sha256:c2c6863aa80ec18c0f82cea3417837b279cdc60024ac17123461dc9042577df7", size = 1223647, upload-time = "2026-05-13T09:47:05.924Z" },
    { url = "https://files.pythonhosted.org/packages/98/d1/f15ca0e1666faae02c945f48e745ea35f8fcd8243b176109b4e2c4251f47/shiboken6-6.11.1-cp310-abi3-win_arm64.whl", hash = "sha256:7c8d9af17db4495d4fa5b1c393f218311c4855546b9dfa6a0bd21bcd66b55e9d", size = 1784170, upload-time = "2026-05-13T09:47:07.617Z" },
]

[[package]]
name = "typing-extensions"
version = "4.16.0"
source = { registry = "https://pypi.org/simple" }
sdist = { url = "https://files.pythonhosted.org/packages/f6/cc/6253133b5bb138fc3306cebfbda2c520f545d36b5be2c7255cc528bb45d6/typing_extensions-4.16.0.tar.gz", hash = "sha256:dc983d19a509c94dba722ee6abd33940f7c05a89e243c47e907eb4db6f1a43e5", size = 113555, upload-time = "2026-07-02T08:40:05.92Z" }
wheels = [
    { url = "https://files.pythonhosted.org/packages/49/d3/b8441a820a491ddfc024b0b0cf0393375b75ea13866d9c66727e54c2fc80/typing_extensions-4.16.0-py3-none-any.whl", hash = "sha256:481caa481374e813c1b176ada14e97f1f67a4539ce9cfeb3f350d78d6370c2e8", size = 45571, upload-time = "2026-07-02T08:40:04.659Z" },
]
